
Microsoft Visual Studio Solution File, Format Version 12.00
# Visual Studio Version 17
VisualStudioVersion = 17.9.34728.123
MinimumVisualStudioVersion = 10.0.40219.1
Project("{F184B08F-C81C-45F6-A57F-5ABD9991F28F}") = "Vinoteca", "Vinoteca\Vinoteca.vbproj", "{772B3BE8-06F0-4BF2-89DB-114405CF142C}"
EndProject
Global
	GlobalSection(SolutionConfigurationPlatforms) = preSolution
		Debug|Any CPU = Debug|Any CPU
		Release|Any CPU = Release|Any CPU
	EndGlobalSection
	GlobalSection(ProjectConfigurationPlatforms) = postSolution
		{772B3BE8-06F0-4BF2-89DB-114405CF142C}.Debug|Any CPU.ActiveCfg = Debug|Any CPU
		{772B3BE8-06F0-4BF2-89DB-114405CF142C}.Debug|Any CPU.Build.0 = Debug|Any CPU
		{772B3BE8-06F0-4BF2-89DB-114405CF142C}.Release|Any CPU.ActiveCfg = Release|Any CPU
		{772B3BE8-06F0-4BF2-89DB-114405CF142C}.Release|Any CPU.Build.0 = Release|Any CPU
	EndGlobalSection
	GlobalSection(SolutionProperties) = preSolution
		HideSolutionNode = FALSE
	EndGlobalSection
	GlobalSection(ExtensibilityGlobals) = postSolution
		SolutionGuid = {63EAA7D1-618C-4348-95DA-8DE86E548938}
	EndGlobalSection
EndGlobal
