
Microsoft Visual Studio Solution File, Format Version 12.00
# Visual Studio Version 17
VisualStudioVersion = 17.9.34728.123
MinimumVisualStudioVersion = 10.0.40219.1
Project("{F184B08F-C81C-45F6-A57F-5ABD9991F28F}") = "GestorAuto", "GestorAuto\GestorAuto.vbproj", "{0938C3DC-CCAA-4981-8647-6D11B242078B}"
EndProject
Project("{FAE04EC0-301F-11D3-BF4B-00C04F79EFBC}") = "VehiculosServices", "VehiculosServices\VehiculosServices.csproj", "{D79E1AE2-6CBD-404A-B120-83B060A48B4B}"
EndProject
Global
	GlobalSection(SolutionConfigurationPlatforms) = preSolution
		Debug|Any CPU = Debug|Any CPU
		Release|Any CPU = Release|Any CPU
	EndGlobalSection
	GlobalSection(ProjectConfigurationPlatforms) = postSolution
		{0938C3DC-CCAA-4981-8647-6D11B242078B}.Debug|Any CPU.ActiveCfg = Debug|Any CPU
		{0938C3DC-CCAA-4981-8647-6D11B242078B}.Debug|Any CPU.Build.0 = Debug|Any CPU
		{0938C3DC-CCAA-4981-8647-6D11B242078B}.Release|Any CPU.ActiveCfg = Release|Any CPU
		{0938C3DC-CCAA-4981-8647-6D11B242078B}.Release|Any CPU.Build.0 = Release|Any CPU
		{D79E1AE2-6CBD-404A-B120-83B060A48B4B}.Debug|Any CPU.ActiveCfg = Debug|Any CPU
		{D79E1AE2-6CBD-404A-B120-83B060A48B4B}.Debug|Any CPU.Build.0 = Debug|Any CPU
		{D79E1AE2-6CBD-404A-B120-83B060A48B4B}.Release|Any CPU.ActiveCfg = Release|Any CPU
		{D79E1AE2-6CBD-404A-B120-83B060A48B4B}.Release|Any CPU.Build.0 = Release|Any CPU
	EndGlobalSection
	GlobalSection(SolutionProperties) = preSolution
		HideSolutionNode = FALSE
	EndGlobalSection
	GlobalSection(ExtensibilityGlobals) = postSolution
		SolutionGuid = {4AA18A02-9B84-4183-A122-7AE267C8CAFD}
	EndGlobalSection
EndGlobal
